
Microsoft Visual Studio Solution File, Format Version 12.00
# Visual Studio 2012
Project("{FAE04EC0-301F-11D3-BF4B-00C04F79EFBC}") = "HeThongQuanLyDuLich", "HeThongQuanLyDuLich\HeThongQuanLyDuLich.csproj", "{9714E311-2752-4C6E-90BA-87C6C54257B6}"
	ProjectSection(ProjectDependencies) = postProject
		{7BC05364-C582-4DD3-AF49-0605534496A7} = {7BC05364-C582-4DD3-AF49-0605534496A7}
	EndProjectSection
EndProject
Project("{FAE04EC0-301F-11D3-BF4B-00C04F79EFBC}") = "WebService", "..\WebService\WebService\WebService.csproj", "{7BC05364-C582-4DD3-AF49-0605534496A7}"
EndProject
Global
	GlobalSection(SolutionConfigurationPlatforms) = preSolution
		Debug|Any CPU = Debug|Any CPU
		Release|Any CPU = Release|Any CPU
	EndGlobalSection
	GlobalSection(ProjectConfigurationPlatforms) = postSolution
		{9714E311-2752-4C6E-90BA-87C6C54257B6}.Debug|Any CPU.ActiveCfg = Debug|Any CPU
		{9714E311-2752-4C6E-90BA-87C6C54257B6}.Debug|Any CPU.Build.0 = Debug|Any CPU
		{9714E311-2752-4C6E-90BA-87C6C54257B6}.Release|Any CPU.ActiveCfg = Release|Any CPU
		{9714E311-2752-4C6E-90BA-87C6C54257B6}.Release|Any CPU.Build.0 = Release|Any CPU
		{7BC05364-C582-4DD3-AF49-0605534496A7}.Debug|Any CPU.ActiveCfg = Debug|Any CPU
		{7BC05364-C582-4DD3-AF49-0605534496A7}.Debug|Any CPU.Build.0 = Debug|Any CPU
		{7BC05364-C582-4DD3-AF49-0605534496A7}.Release|Any CPU.ActiveCfg = Release|Any CPU
		{7BC05364-C582-4DD3-AF49-0605534496A7}.Release|Any CPU.Build.0 = Release|Any CPU
	EndGlobalSection
	GlobalSection(SolutionProperties) = preSolution
		HideSolutionNode = FALSE
	EndGlobalSection
EndGlobal
